
Microsoft Visual Studio Solution File, Format Version 12.00
# Visual Studio Version 17
VisualStudioVersion = 17.5.33627.172
MinimumVisualStudioVersion = 10.0.40219.1
Project("{FAE04EC0-301F-11D3-BF4B-00C04F79EFBC}") = "CountDuplicates", "CountDuplicates\CountDuplicates.csproj", "{998B61F6-CA2C-447E-B830-55282D99D67C}"
EndProject
Global
	GlobalSection(SolutionConfigurationPlatforms) = preSolution
		Debug|Any CPU = Debug|Any CPU
		Release|Any CPU = Release|Any CPU
	EndGlobalSection
	GlobalSection(ProjectConfigurationPlatforms) = postSolution
		{998B61F6-CA2C-447E-B830-55282D99D67C}.Debug|Any CPU.ActiveCfg = Debug|Any CPU
		{998B61F6-CA2C-447E-B830-55282D99D67C}.Debug|Any CPU.Build.0 = Debug|Any CPU
		{998B61F6-CA2C-447E-B830-55282D99D67C}.Release|Any CPU.ActiveCfg = Release|Any CPU
		{998B61F6-CA2C-447E-B830-55282D99D67C}.Release|Any CPU.Build.0 = Release|Any CPU
	EndGlobalSection
	GlobalSection(SolutionProperties) = preSolution
		HideSolutionNode = FALSE
	EndGlobalSection
	GlobalSection(ExtensibilityGlobals) = postSolution
		SolutionGuid = {4871CB40-2F14-4B81-9CE4-FE1ED05A011F}
	EndGlobalSection
EndGlobal
