
Microsoft Visual Studio Solution File, Format Version 12.00
# Visual Studio Version 17
VisualStudioVersion = 17.5.33627.172
MinimumVisualStudioVersion = 10.0.40219.1
Project("{FAE04EC0-301F-11D3-BF4B-00C04F79EFBC}") = "PrintLadder", "PrintLadder\PrintLadder.csproj", "{945ACCE2-2A94-4174-9EB8-94E7686C4300}"
EndProject
Global
	GlobalSection(SolutionConfigurationPlatforms) = preSolution
		Debug|Any CPU = Debug|Any CPU
		Release|Any CPU = Release|Any CPU
	EndGlobalSection
	GlobalSection(ProjectConfigurationPlatforms) = postSolution
		{945ACCE2-2A94-4174-9EB8-94E7686C4300}.Debug|Any CPU.ActiveCfg = Debug|Any CPU
		{945ACCE2-2A94-4174-9EB8-94E7686C4300}.Debug|Any CPU.Build.0 = Debug|Any CPU
		{945ACCE2-2A94-4174-9EB8-94E7686C4300}.Release|Any CPU.ActiveCfg = Release|Any CPU
		{945ACCE2-2A94-4174-9EB8-94E7686C4300}.Release|Any CPU.Build.0 = Release|Any CPU
	EndGlobalSection
	GlobalSection(SolutionProperties) = preSolution
		HideSolutionNode = FALSE
	EndGlobalSection
	GlobalSection(ExtensibilityGlobals) = postSolution
		SolutionGuid = {BBDF4530-BDA6-439C-9887-58779FD473B8}
	EndGlobalSection
EndGlobal
